
Microsoft Visual Studio Solution File, Format Version 12.00
# Visual Studio Version 17
VisualStudioVersion = 17.4.33103.184
MinimumVisualStudioVersion = 10.0.40219.1
Project("{FAE04EC0-301F-11D3-BF4B-00C04F79EFBC}") = "planner", "planner\planner.csproj", "{CC11941B-88DF-43A5-95DC-70AFDE3B7E50}"
EndProject
Global
	GlobalSection(SolutionConfigurationPlatforms) = preSolution
		Debug|Any CPU = Debug|Any CPU
		Release|Any CPU = Release|Any CPU
	EndGlobalSection
	GlobalSection(ProjectConfigurationPlatforms) = postSolution
		{CC11941B-88DF-43A5-95DC-70AFDE3B7E50}.Debug|Any CPU.ActiveCfg = Debug|Any CPU
		{CC11941B-88DF-43A5-95DC-70AFDE3B7E50}.Debug|Any CPU.Build.0 = Debug|Any CPU
		{CC11941B-88DF-43A5-95DC-70AFDE3B7E50}.Release|Any CPU.ActiveCfg = Release|Any CPU
		{CC11941B-88DF-43A5-95DC-70AFDE3B7E50}.Release|Any CPU.Build.0 = Release|Any CPU
	EndGlobalSection
	GlobalSection(SolutionProperties) = preSolution
		HideSolutionNode = FALSE
	EndGlobalSection
	GlobalSection(ExtensibilityGlobals) = postSolution
		SolutionGuid = {1D808B73-DBEB-4E9E-893D-12C3B8A3FAEA}
	EndGlobalSection
EndGlobal
